
Microsoft Visual Studio Solution File, Format Version 12.00
# Visual Studio Version 17
VisualStudioVersion = 17.7.34009.444
MinimumVisualStudioVersion = 10.0.40219.1
Project("{FAE04EC0-301F-11D3-BF4B-00C04F79EFBC}") = "METRORAIL", "METRORAIL.csproj", "{AFFB20E5-AAA5-46A9-8D8E-4EFE47708166}"
EndProject
Project("{2150E333-8FDC-42A3-9474-1A3956D46DE8}") = "Solution Items", "Solution Items", "{88557F72-2A24-4492-8757-02A609ECDA56}"
	ProjectSection(SolutionItems) = preProject
		download.jpeg = download.jpeg
	EndProjectSection
EndProject
Global
	GlobalSection(SolutionConfigurationPlatforms) = preSolution
		Debug|Any CPU = Debug|Any CPU
		Release|Any CPU = Release|Any CPU
	EndGlobalSection
	GlobalSection(ProjectConfigurationPlatforms) = postSolution
		{AFFB20E5-AAA5-46A9-8D8E-4EFE47708166}.Debug|Any CPU.ActiveCfg = Debug|Any CPU
		{AFFB20E5-AAA5-46A9-8D8E-4EFE47708166}.Debug|Any CPU.Build.0 = Debug|Any CPU
		{AFFB20E5-AAA5-46A9-8D8E-4EFE47708166}.Release|Any CPU.ActiveCfg = Release|Any CPU
		{AFFB20E5-AAA5-46A9-8D8E-4EFE47708166}.Release|Any CPU.Build.0 = Release|Any CPU
	EndGlobalSection
	GlobalSection(SolutionProperties) = preSolution
		HideSolutionNode = FALSE
	EndGlobalSection
	GlobalSection(ExtensibilityGlobals) = postSolution
		SolutionGuid = {3885F9D6-25DE-4FB3-97F6-27A652BE6B3F}
	EndGlobalSection
EndGlobal
